
Microsoft Visual Studio Solution File, Format Version 12.00
# Visual Studio 15
VisualStudioVersion = 15.0.26730.16
MinimumVisualStudioVersion = 10.0.40219.1
Project("{FAE04EC0-301F-11D3-BF4B-00C04F79EFBC}") = "Contactos.Android", "Contactos\Contactos.Android\Contactos.Android.csproj", "{23599F0A-9590-4DB4-BCC6-C98CFF62C0D6}"
EndProject
Project("{FAE04EC0-301F-11D3-BF4B-00C04F79EFBC}") = "Contactos", "Contactos\Contactos\Contactos.csproj", "{6FF79BEF-AD1F-4D64-837C-8244D3B325D3}"
EndProject
Project("{FAE04EC0-301F-11D3-BF4B-00C04F79EFBC}") = "Contactos.iOS", "Contactos\Contactos.iOS\Contactos.iOS.csproj", "{F288CDFE-B855-4929-9A97-8F7A4CED01AD}"
EndProject
Project("{FAE04EC0-301F-11D3-BF4B-00C04F79EFBC}") = "Contactos.Domain", "Contactos.Domain\Contactos.Domain.csproj", "{81D07DCB-B7FA-404B-A251-27BD2DFD7A17}"
EndProject
Project("{FAE04EC0-301F-11D3-BF4B-00C04F79EFBC}") = "Contactos.Backend", "Contactos.Backend\Contactos.Backend.csproj", "{90D53F80-63F9-4100-A49A-8AA37B34B6FB}"
EndProject
Project("{FAE04EC0-301F-11D3-BF4B-00C04F79EFBC}") = "Contactos.Api", "Contactos.Api\Contactos.Api.csproj", "{1EC7DDC7-F07E-4703-A245-384E95C2C319}"
EndProject
Global
	GlobalSection(SolutionConfigurationPlatforms) = preSolution
		Ad-Hoc|Any CPU = Ad-Hoc|Any CPU
		Ad-Hoc|iPhone = Ad-Hoc|iPhone
		Ad-Hoc|iPhoneSimulator = Ad-Hoc|iPhoneSimulator
		AppStore|Any CPU = AppStore|Any CPU
		AppStore|iPhone = AppStore|iPhone
		AppStore|iPhoneSimulator = AppStore|iPhoneSimulator
		Debug|Any CPU = Debug|Any CPU
		Debug|iPhone = Debug|iPhone
		Debug|iPhoneSimulator = Debug|iPhoneSimulator
		Release|Any CPU = Release|Any CPU
		Release|iPhone = Release|iPhone
		Release|iPhoneSimulator = Release|iPhoneSimulator
	EndGlobalSection
	GlobalSection(ProjectConfigurationPlatforms) = postSolution
		{23599F0A-9590-4DB4-BCC6-C98CFF62C0D6}.Ad-Hoc|Any CPU.ActiveCfg = Release|Any CPU
		{23599F0A-9590-4DB4-BCC6-C98CFF62C0D6}.Ad-Hoc|Any CPU.Build.0 = Release|Any CPU
		{23599F0A-9590-4DB4-BCC6-C98CFF62C0D6}.Ad-Hoc|Any CPU.Deploy.0 = Release|Any CPU
		{23599F0A-9590-4DB4-BCC6-C98CFF62C0D6}.Ad-Hoc|iPhone.ActiveCfg = Release|Any CPU
		{23599F0A-9590-4DB4-BCC6-C98CFF62C0D6}.Ad-Hoc|iPhone.Build.0 = Release|Any CPU
		{23599F0A-9590-4DB4-BCC6-C98CFF62C0D6}.Ad-Hoc|iPhone.Deploy.0 = Release|Any CPU
		{23599F0A-9590-4DB4-BCC6-C98CFF62C0D6}.Ad-Hoc|iPhoneSimulator.ActiveCfg = Release|Any CPU
		{23599F0A-9590-4DB4-BCC6-C98CFF62C0D6}.Ad-Hoc|iPhoneSimulator.Build.0 = Release|Any CPU
		{23599F0A-9590-4DB4-BCC6-C98CFF62C0D6}.Ad-Hoc|iPhoneSimulator.Deploy.0 = Release|Any CPU
		{23599F0A-9590-4DB4-BCC6-C98CFF62C0D6}.AppStore|Any CPU.ActiveCfg = Release|Any CPU
		{23599F0A-9590-4DB4-BCC6-C98CFF62C0D6}.AppStore|Any CPU.Build.0 = Release|Any CPU
		{23599F0A-9590-4DB4-BCC6-C98CFF62C0D6}.AppStore|Any CPU.Deploy.0 = Release|Any CPU
		{23599F0A-9590-4DB4-BCC6-C98CFF62C0D6}.AppStore|iPhone.ActiveCfg = Release|Any CPU
		{23599F0A-9590-4DB4-BCC6-C98CFF62C0D6}.AppStore|iPhone.Build.0 = Release|Any CPU
		{23599F0A-9590-4DB4-BCC6-C98CFF62C0D6}.AppStore|iPhone.Deploy.0 = Release|Any CPU
		{23599F0A-9590-4DB4-BCC6-C98CFF62C0D6}.AppStore|iPhoneSimulator.ActiveCfg = Release|Any CPU
		{23599F0A-9590-4DB4-BCC6-C98CFF62C0D6}.AppStore|iPhoneSimulator.Build.0 = Release|Any CPU
		{23599F0A-9590-4DB4-BCC6-C98CFF62C0D6}.AppStore|iPhoneSimulator.Deploy.0 = Release|Any CPU
		{23599F0A-9590-4DB4-BCC6-C98CFF62C0D6}.Debug|Any CPU.ActiveCfg = Debug|Any CPU
		{23599F0A-9590-4DB4-BCC6-C98CFF62C0D6}.Debug|Any CPU.Build.0 = Debug|Any CPU
		{23599F0A-9590-4DB4-BCC6-C98CFF62C0D6}.Debug|Any CPU.Deploy.0 = Debug|Any CPU
		{23599F0A-9590-4DB4-BCC6-C98CFF62C0D6}.Debug|iPhone.ActiveCfg = Debug|Any CPU
		{23599F0A-9590-4DB4-BCC6-C98CFF62C0D6}.Debug|iPhone.Build.0 = Debug|Any CPU
		{23599F0A-9590-4DB4-BCC6-C98CFF62C0D6}.Debug|iPhone.Deploy.0 = Debug|Any CPU
		{23599F0A-9590-4DB4-BCC6-C98CFF62C0D6}.Debug|iPhoneSimulator.ActiveCfg = Debug|Any CPU
		{23599F0A-9590-4DB4-BCC6-C98CFF62C0D6}.Debug|iPhoneSimulator.Build.0 = Debug|Any CPU
		{23599F0A-9590-4DB4-BCC6-C98CFF62C0D6}.Debug|iPhoneSimulator.Deploy.0 = Debug|Any CPU
		{23599F0A-9590-4DB4-BCC6-C98CFF62C0D6}.Release|Any CPU.ActiveCfg = Release|Any CPU
		{23599F0A-9590-4DB4-BCC6-C98CFF62C0D6}.Release|Any CPU.Build.0 = Release|Any CPU
		{23599F0A-9590-4DB4-BCC6-C98CFF62C0D6}.Release|Any CPU.Deploy.0 = Release|Any CPU
		{23599F0A-9590-4DB4-BCC6-C98CFF62C0D6}.Release|iPhone.ActiveCfg = Release|Any CPU
		{23599F0A-9590-4DB4-BCC6-C98CFF62C0D6}.Release|iPhone.Build.0 = Release|Any CPU
		{23599F0A-9590-4DB4-BCC6-C98CFF62C0D6}.Release|iPhone.Deploy.0 = Release|Any CPU
		{23599F0A-9590-4DB4-BCC6-C98CFF62C0D6}.Release|iPhoneSimulator.ActiveCfg = Release|Any CPU
		{23599F0A-9590-4DB4-BCC6-C98CFF62C0D6}.Release|iPhoneSimulator.Build.0 = Release|Any CPU
		{23599F0A-9590-4DB4-BCC6-C98CFF62C0D6}.Release|iPhoneSimulator.Deploy.0 = Release|Any CPU
		{6FF79BEF-AD1F-4D64-837C-8244D3B325D3}.Ad-Hoc|Any CPU.ActiveCfg = Release|Any CPU
		{6FF79BEF-AD1F-4D64-837C-8244D3B325D3}.Ad-Hoc|Any CPU.Build.0 = Release|Any CPU
		{6FF79BEF-AD1F-4D64-837C-8244D3B325D3}.Ad-Hoc|iPhone.ActiveCfg = Release|Any CPU
		{6FF79BEF-AD1F-4D64-837C-8244D3B325D3}.Ad-Hoc|iPhone.Build.0 = Release|Any CPU
		{6FF79BEF-AD1F-4D64-837C-8244D3B325D3}.Ad-Hoc|iPhoneSimulator.ActiveCfg = Release|Any CPU
		{6FF79BEF-AD1F-4D64-837C-8244D3B325D3}.Ad-Hoc|iPhoneSimulator.Build.0 = Release|Any CPU
		{6FF79BEF-AD1F-4D64-837C-8244D3B325D3}.AppStore|Any CPU.ActiveCfg = Release|Any CPU
		{6FF79BEF-AD1F-4D64-837C-8244D3B325D3}.AppStore|Any CPU.Build.0 = Release|Any CPU
		{6FF79BEF-AD1F-4D64-837C-8244D3B325D3}.AppStore|iPhone.ActiveCfg = Release|Any CPU
		{6FF79BEF-AD1F-4D64-837C-8244D3B325D3}.AppStore|iPhone.Build.0 = Release|Any CPU
		{6FF79BEF-AD1F-4D64-837C-8244D3B325D3}.AppStore|iPhoneSimulator.ActiveCfg = Release|Any CPU
		{6FF79BEF-AD1F-4D64-837C-8244D3B325D3}.AppStore|iPhoneSimulator.Build.0 = Release|Any CPU
		{6FF79BEF-AD1F-4D64-837C-8244D3B325D3}.Debug|Any CPU.ActiveCfg = Debug|Any CPU
		{6FF79BEF-AD1F-4D64-837C-8244D3B325D3}.Debug|Any CPU.Build.0 = Debug|Any CPU
		{6FF79BEF-AD1F-4D64-837C-8244D3B325D3}.Debug|iPhone.ActiveCfg = Debug|Any CPU
		{6FF79BEF-AD1F-4D64-837C-8244D3B325D3}.Debug|iPhone.Build.0 = Debug|Any CPU
		{6FF79BEF-AD1F-4D64-837C-8244D3B325D3}.Debug|iPhoneSimulator.ActiveCfg = Debug|Any CPU
		{6FF79BEF-AD1F-4D64-837C-8244D3B325D3}.Debug|iPhoneSimulator.Build.0 = Debug|Any CPU
		{6FF79BEF-AD1F-4D64-837C-8244D3B325D3}.Release|Any CPU.ActiveCfg = Release|Any CPU
		{6FF79BEF-AD1F-4D64-837C-8244D3B325D3}.Release|Any CPU.Build.0 = Release|Any CPU
		{6FF79BEF-AD1F-4D64-837C-8244D3B325D3}.Release|iPhone.ActiveCfg = Release|Any CPU
		{6FF79BEF-AD1F-4D64-837C-8244D3B325D3}.Release|iPhone.Build.0 = Release|Any CPU
		{6FF79BEF-AD1F-4D64-837C-8244D3B325D3}.Release|iPhoneSimulator.ActiveCfg = Release|Any CPU
		{6FF79BEF-AD1F-4D64-837C-8244D3B325D3}.Release|iPhoneSimulator.Build.0 = Release|Any CPU
		{F288CDFE-B855-4929-9A97-8F7A4CED01AD}.Ad-Hoc|Any CPU.ActiveCfg = Ad-Hoc|iPhone
		{F288CDFE-B855-4929-9A97-8F7A4CED01AD}.Ad-Hoc|iPhone.ActiveCfg = Ad-Hoc|iPhone
		{F288CDFE-B855-4929-9A97-8F7A4CED01AD}.Ad-Hoc|iPhone.Build.0 = Ad-Hoc|iPhone
		{F288CDFE-B855-4929-9A97-8F7A4CED01AD}.Ad-Hoc|iPhoneSimulator.ActiveCfg = Ad-Hoc|iPhoneSimulator
		{F288CDFE-B855-4929-9A97-8F7A4CED01AD}.Ad-Hoc|iPhoneSimulator.Build.0 = Ad-Hoc|iPhoneSimulator
		{F288CDFE-B855-4929-9A97-8F7A4CED01AD}.AppStore|Any CPU.ActiveCfg = AppStore|iPhone
		{F288CDFE-B855-4929-9A97-8F7A4CED01AD}.AppStore|iPhone.ActiveCfg = AppStore|iPhone
		{F288CDFE-B855-4929-9A97-8F7A4CED01AD}.AppStore|iPhone.Build.0 = AppStore|iPhone
		{F288CDFE-B855-4929-9A97-8F7A4CED01AD}.AppStore|iPhoneSimulator.ActiveCfg = AppStore|iPhoneSimulator
		{F288CDFE-B855-4929-9A97-8F7A4CED01AD}.AppStore|iPhoneSimulator.Build.0 = AppStore|iPhoneSimulator
		{F288CDFE-B855-4929-9A97-8F7A4CED01AD}.Debug|Any CPU.ActiveCfg = Debug|iPhone
		{F288CDFE-B855-4929-9A97-8F7A4CED01AD}.Debug|iPhone.ActiveCfg = Debug|iPhone
		{F288CDFE-B855-4929-9A97-8F7A4CED01AD}.Debug|iPhone.Build.0 = Debug|iPhone
		{F288CDFE-B855-4929-9A97-8F7A4CED01AD}.Debug|iPhoneSimulator.ActiveCfg = Debug|iPhoneSimulator
		{F288CDFE-B855-4929-9A97-8F7A4CED01AD}.Debug|iPhoneSimulator.Build.0 = Debug|iPhoneSimulator
		{F288CDFE-B855-4929-9A97-8F7A4CED01AD}.Release|Any CPU.ActiveCfg = Release|iPhone
		{F288CDFE-B855-4929-9A97-8F7A4CED01AD}.Release|iPhone.ActiveCfg = Release|iPhone
		{F288CDFE-B855-4929-9A97-8F7A4CED01AD}.Release|iPhone.Build.0 = Release|iPhone
		{F288CDFE-B855-4929-9A97-8F7A4CED01AD}.Release|iPhoneSimulator.ActiveCfg = Release|iPhoneSimulator
		{F288CDFE-B855-4929-9A97-8F7A4CED01AD}.Release|iPhoneSimulator.Build.0 = Release|iPhoneSimulator
		{81D07DCB-B7FA-404B-A251-27BD2DFD7A17}.Ad-Hoc|Any CPU.ActiveCfg = Release|Any CPU
		{81D07DCB-B7FA-404B-A251-27BD2DFD7A17}.Ad-Hoc|Any CPU.Build.0 = Release|Any CPU
		{81D07DCB-B7FA-404B-A251-27BD2DFD7A17}.Ad-Hoc|iPhone.ActiveCfg = Release|Any CPU
		{81D07DCB-B7FA-404B-A251-27BD2DFD7A17}.Ad-Hoc|iPhone.Build.0 = Release|Any CPU
		{81D07DCB-B7FA-404B-A251-27BD2DFD7A17}.Ad-Hoc|iPhoneSimulator.ActiveCfg = Release|Any CPU
		{81D07DCB-B7FA-404B-A251-27BD2DFD7A17}.Ad-Hoc|iPhoneSimulator.Build.0 = Release|Any CPU
		{81D07DCB-B7FA-404B-A251-27BD2DFD7A17}.AppStore|Any CPU.ActiveCfg = Release|Any CPU
		{81D07DCB-B7FA-404B-A251-27BD2DFD7A17}.AppStore|Any CPU.Build.0 = Release|Any CPU
		{81D07DCB-B7FA-404B-A251-27BD2DFD7A17}.AppStore|iPhone.ActiveCfg = Release|Any CPU
		{81D07DCB-B7FA-404B-A251-27BD2DFD7A17}.AppStore|iPhone.Build.0 = Release|Any CPU
		{81D07DCB-B7FA-404B-A251-27BD2DFD7A17}.AppStore|iPhoneSimulator.ActiveCfg = Release|Any CPU
		{81D07DCB-B7FA-404B-A251-27BD2DFD7A17}.AppStore|iPhoneSimulator.Build.0 = Release|Any CPU
		{81D07DCB-B7FA-404B-A251-27BD2DFD7A17}.Debug|Any CPU.ActiveCfg = Debug|Any CPU
		{81D07DCB-B7FA-404B-A251-27BD2DFD7A17}.Debug|Any CPU.Build.0 = Debug|Any CPU
		{81D07DCB-B7FA-404B-A251-27BD2DFD7A17}.Debug|iPhone.ActiveCfg = Debug|Any CPU
		{81D07DCB-B7FA-404B-A251-27BD2DFD7A17}.Debug|iPhone.Build.0 = Debug|Any CPU
		{81D07DCB-B7FA-404B-A251-27BD2DFD7A17}.Debug|iPhoneSimulator.ActiveCfg = Debug|Any CPU
		{81D07DCB-B7FA-404B-A251-27BD2DFD7A17}.Debug|iPhoneSimulator.Build.0 = Debug|Any CPU
		{81D07DCB-B7FA-404B-A251-27BD2DFD7A17}.Release|Any CPU.ActiveCfg = Release|Any CPU
		{81D07DCB-B7FA-404B-A251-27BD2DFD7A17}.Release|Any CPU.Build.0 = Release|Any CPU
		{81D07DCB-B7FA-404B-A251-27BD2DFD7A17}.Release|iPhone.ActiveCfg = Release|Any CPU
		{81D07DCB-B7FA-404B-A251-27BD2DFD7A17}.Release|iPhone.Build.0 = Release|Any CPU
		{81D07DCB-B7FA-404B-A251-27BD2DFD7A17}.Release|iPhoneSimulator.ActiveCfg = Release|Any CPU
		{81D07DCB-B7FA-404B-A251-27BD2DFD7A17}.Release|iPhoneSimulator.Build.0 = Release|Any CPU
		{90D53F80-63F9-4100-A49A-8AA37B34B6FB}.Ad-Hoc|Any CPU.ActiveCfg = Release|Any CPU
		{90D53F80-63F9-4100-A49A-8AA37B34B6FB}.Ad-Hoc|Any CPU.Build.0 = Release|Any CPU
		{90D53F80-63F9-4100-A49A-8AA37B34B6FB}.Ad-Hoc|iPhone.ActiveCfg = Release|Any CPU
		{90D53F80-63F9-4100-A49A-8AA37B34B6FB}.Ad-Hoc|iPhone.Build.0 = Release|Any CPU
		{90D53F80-63F9-4100-A49A-8AA37B34B6FB}.Ad-Hoc|iPhoneSimulator.ActiveCfg = Release|Any CPU
		{90D53F80-63F9-4100-A49A-8AA37B34B6FB}.Ad-Hoc|iPhoneSimulator.Build.0 = Release|Any CPU
		{90D53F80-63F9-4100-A49A-8AA37B34B6FB}.AppStore|Any CPU.ActiveCfg = Release|Any CPU
		{90D53F80-63F9-4100-A49A-8AA37B34B6FB}.AppStore|Any CPU.Build.0 = Release|Any CPU
		{90D53F80-63F9-4100-A49A-8AA37B34B6FB}.AppStore|iPhone.ActiveCfg = Release|Any CPU
		{90D53F80-63F9-4100-A49A-8AA37B34B6FB}.AppStore|iPhone.Build.0 = Release|Any CPU
		{90D53F80-63F9-4100-A49A-8AA37B34B6FB}.AppStore|iPhoneSimulator.ActiveCfg = Release|Any CPU
		{90D53F80-63F9-4100-A49A-8AA37B34B6FB}.AppStore|iPhoneSimulator.Build.0 = Release|Any CPU
		{90D53F80-63F9-4100-A49A-8AA37B34B6FB}.Debug|Any CPU.ActiveCfg = Debug|Any CPU
		{90D53F80-63F9-4100-A49A-8AA37B34B6FB}.Debug|Any CPU.Build.0 = Debug|Any CPU
		{90D53F80-63F9-4100-A49A-8AA37B34B6FB}.Debug|iPhone.ActiveCfg = Debug|Any CPU
		{90D53F80-63F9-4100-A49A-8AA37B34B6FB}.Debug|iPhone.Build.0 = Debug|Any CPU
		{90D53F80-63F9-4100-A49A-8AA37B34B6FB}.Debug|iPhoneSimulator.ActiveCfg = Debug|Any CPU
		{90D53F80-63F9-4100-A49A-8AA37B34B6FB}.Debug|iPhoneSimulator.Build.0 = Debug|Any CPU
		{90D53F80-63F9-4100-A49A-8AA37B34B6FB}.Release|Any CPU.ActiveCfg = Release|Any CPU
		{90D53F80-63F9-4100-A49A-8AA37B34B6FB}.Release|Any CPU.Build.0 = Release|Any CPU
		{90D53F80-63F9-4100-A49A-8AA37B34B6FB}.Release|iPhone.ActiveCfg = Release|Any CPU
		{90D53F80-63F9-4100-A49A-8AA37B34B6FB}.Release|iPhone.Build.0 = Release|Any CPU
		{90D53F80-63F9-4100-A49A-8AA37B34B6FB}.Release|iPhoneSimulator.ActiveCfg = Release|Any CPU
		{90D53F80-63F9-4100-A49A-8AA37B34B6FB}.Release|iPhoneSimulator.Build.0 = Release|Any CPU
		{1EC7DDC7-F07E-4703-A245-384E95C2C319}.Ad-Hoc|Any CPU.ActiveCfg = Release|Any CPU
		{1EC7DDC7-F07E-4703-A245-384E95C2C319}.Ad-Hoc|Any CPU.Build.0 = Release|Any CPU
		{1EC7DDC7-F07E-4703-A245-384E95C2C319}.Ad-Hoc|iPhone.ActiveCfg = Release|Any CPU
		{1EC7DDC7-F07E-4703-A245-384E95C2C319}.Ad-Hoc|iPhone.Build.0 = Release|Any CPU
		{1EC7DDC7-F07E-4703-A245-384E95C2C319}.Ad-Hoc|iPhoneSimulator.ActiveCfg = Release|Any CPU
		{1EC7DDC7-F07E-4703-A245-384E95C2C319}.Ad-Hoc|iPhoneSimulator.Build.0 = Release|Any CPU
		{1EC7DDC7-F07E-4703-A245-384E95C2C319}.AppStore|Any CPU.ActiveCfg = Release|Any CPU
		{1EC7DDC7-F07E-4703-A245-384E95C2C319}.AppStore|Any CPU.Build.0 = Release|Any CPU
		{1EC7DDC7-F07E-4703-A245-384E95C2C319}.AppStore|iPhone.ActiveCfg = Release|Any CPU
		{1EC7DDC7-F07E-4703-A245-384E95C2C319}.AppStore|iPhone.Build.0 = Release|Any CPU
		{1EC7DDC7-F07E-4703-A245-384E95C2C319}.AppStore|iPhoneSimulator.ActiveCfg = Release|Any CPU
		{1EC7DDC7-F07E-4703-A245-384E95C2C319}.AppStore|iPhoneSimulator.Build.0 = Release|Any CPU
		{1EC7DDC7-F07E-4703-A245-384E95C2C319}.Debug|Any CPU.ActiveCfg = Debug|Any CPU
		{1EC7DDC7-F07E-4703-A245-384E95C2C319}.Debug|Any CPU.Build.0 = Debug|Any CPU
		{1EC7DDC7-F07E-4703-A245-384E95C2C319}.Debug|iPhone.ActiveCfg = Debug|Any CPU
		{1EC7DDC7-F07E-4703-A245-384E95C2C319}.Debug|iPhone.Build.0 = Debug|Any CPU
		{1EC7DDC7-F07E-4703-A245-384E95C2C319}.Debug|iPhoneSimulator.ActiveCfg = Debug|Any CPU
		{1EC7DDC7-F07E-4703-A245-384E95C2C319}.Debug|iPhoneSimulator.Build.0 = Debug|Any CPU
		{1EC7DDC7-F07E-4703-A245-384E95C2C319}.Release|Any CPU.ActiveCfg = Release|Any CPU
		{1EC7DDC7-F07E-4703-A245-384E95C2C319}.Release|Any CPU.Build.0 = Release|Any CPU
		{1EC7DDC7-F07E-4703-A245-384E95C2C319}.Release|iPhone.ActiveCfg = Release|Any CPU
		{1EC7DDC7-F07E-4703-A245-384E95C2C319}.Release|iPhone.Build.0 = Release|Any CPU
		{1EC7DDC7-F07E-4703-A245-384E95C2C319}.Release|iPhoneSimulator.ActiveCfg = Release|Any CPU
		{1EC7DDC7-F07E-4703-A245-384E95C2C319}.Release|iPhoneSimulator.Build.0 = Release|Any CPU
	EndGlobalSection
	GlobalSection(SolutionProperties) = preSolution
		HideSolutionNode = FALSE
	EndGlobalSection
	GlobalSection(ExtensibilityGlobals) = postSolution
		SolutionGuid = {B6DB6B18-DA0D-462D-A53A-2B12B8A79F55}
	EndGlobalSection
EndGlobal
